
Microsoft Visual Studio Solution File, Format Version 12.00
# Visual Studio Version 16
VisualStudioVersion = 16.0.31129.286
MinimumVisualStudioVersion = 10.0.40219.1
Project("{FAE04EC0-301F-11D3-BF4B-00C04F79EFBC}") = "AssesmentFourFIrstQuestion", "AssesmentFourFIrstQuestion\AssesmentFourFIrstQuestion.csproj", "{7B5DF3D4-2AC6-4349-9809-CECBD238BF95}"
EndProject
Global
	GlobalSection(SolutionConfigurationPlatforms) = preSolution
		Debug|Any CPU = Debug|Any CPU
		Release|Any CPU = Release|Any CPU
	EndGlobalSection
	GlobalSection(ProjectConfigurationPlatforms) = postSolution
		{7B5DF3D4-2AC6-4349-9809-CECBD238BF95}.Debug|Any CPU.ActiveCfg = Debug|Any CPU
		{7B5DF3D4-2AC6-4349-9809-CECBD238BF95}.Debug|Any CPU.Build.0 = Debug|Any CPU
		{7B5DF3D4-2AC6-4349-9809-CECBD238BF95}.Release|Any CPU.ActiveCfg = Release|Any CPU
		{7B5DF3D4-2AC6-4349-9809-CECBD238BF95}.Release|Any CPU.Build.0 = Release|Any CPU
	EndGlobalSection
	GlobalSection(SolutionProperties) = preSolution
		HideSolutionNode = FALSE
	EndGlobalSection
	GlobalSection(ExtensibilityGlobals) = postSolution
		SolutionGuid = {611E134F-2F03-4D18-91B3-B180689B5702}
	EndGlobalSection
EndGlobal
