
Microsoft Visual Studio Solution File, Format Version 12.00
# Visual Studio Version 16
VisualStudioVersion = 16.0.31129.286
MinimumVisualStudioVersion = 10.0.40219.1
Project("{FAE04EC0-301F-11D3-BF4B-00C04F79EFBC}") = "The Puzzle", "The Puzzle\The Puzzle.csproj", "{0974A161-7733-4FA9-98DD-56FECECD28A7}"
EndProject
Global
	GlobalSection(SolutionConfigurationPlatforms) = preSolution
		Debug|Any CPU = Debug|Any CPU
		Release|Any CPU = Release|Any CPU
	EndGlobalSection
	GlobalSection(ProjectConfigurationPlatforms) = postSolution
		{0974A161-7733-4FA9-98DD-56FECECD28A7}.Debug|Any CPU.ActiveCfg = Debug|Any CPU
		{0974A161-7733-4FA9-98DD-56FECECD28A7}.Debug|Any CPU.Build.0 = Debug|Any CPU
		{0974A161-7733-4FA9-98DD-56FECECD28A7}.Release|Any CPU.ActiveCfg = Release|Any CPU
		{0974A161-7733-4FA9-98DD-56FECECD28A7}.Release|Any CPU.Build.0 = Release|Any CPU
	EndGlobalSection
	GlobalSection(SolutionProperties) = preSolution
		HideSolutionNode = FALSE
	EndGlobalSection
	GlobalSection(ExtensibilityGlobals) = postSolution
		SolutionGuid = {F318CEB2-6DF8-48F2-AAE8-CA89939B4000}
	EndGlobalSection
EndGlobal
